{
  "name": "recall-valkey-cookbook",
  "version": "0.1.0",
  "lockfileVersion": 3,
  "requires": true,
  "packages": {
    "": {
      "name": "recall-valkey-cookbook",
      "version": "0.1.0",
      "dependencies": {
        "@valkey/valkey-glide": "1.3.0"
      },
      "devDependencies": {},
      "engines": {
        "node": ">=18.0.0"
      }
    },
    "node_modules/@protobufjs/aspromise": {
      "version": "1.1.2",
      "resolved": "https://registry.npmjs.org/@protobufjs/aspromise/-/aspromise-1.1.2.tgz",
      "integrity": "sha512-j+gKExEuLmKwvz3OgROXtrJ2UG2x8Ch2YZUxahh+s1F2HZ+wAceUNLkvy6zKCPVRkU++ZWQrdxsUeQXmcg4uoQ==",
      "optional": true
    },
    "node_modules/@protobufjs/base64": {
      "version": "1.1.2",
      "resolved": "https://registry.npmjs.org/@protobufjs/base64/-/base64-1.1.2.tgz",
      "integrity": "sha512-AZkcAA5vnN/v4PDqKyMR5lx7hZttPDgClv83E//FMNhR2TMcLUhfRUBHCmSl0oi9zMgDDqRUJkSxO3wm85+XLg==",
      "optional": true
    },
    "node_modules/@protobufjs/codegen": {
      "version": "2.0.5",
      "resolved": "https://registry.npmjs.org/@protobufjs/codegen/-/codegen-2.0.5.tgz",
      "integrity": "sha512-zgXFLzW3Ap33e6d0Wlj4MGIm6Ce8O89n/apUaGNB/jx+hw+ruWEp7EwGUshdLKVRCxZW12fp9r40E1mQrf/34g==",
      "optional": true
    },
    "node_modules/@protobufjs/eventemitter": {
      "version": "1.1.1",
      "resolved": "https://registry.npmjs.org/@protobufjs/eventemitter/-/eventemitter-1.1.1.tgz",
      "integrity": "sha512-vW1GmwMZNnL+gMRaovlh9yZX74kc+TTU3FObkkurpMaRtBfLP3ldjS9KQWlwZgraRE0+dheEEoAxdzcJQ8eXZg==",
      "optional": true
    },
    "node_modules/@protobufjs/fetch": {
      "version": "1.1.1",
      "resolved": "https://registry.npmjs.org/@protobufjs/fetch/-/fetch-1.1.1.tgz",
      "integrity": "sha512-GpptLrs57adMSuHi3VNj0mAF8dwh36LMaYF6XyJ6JMWlVsc+t42tm1HSEDmOs3A8fC9yyeisgLhsTVQokOZ0zw==",
      "optional": true,
      "dependencies": {
        "@protobufjs/aspromise": "^1.1.1"
      }
    },
    "node_modules/@protobufjs/float": {
      "version": "1.0.2",
      "resolved": "https://registry.npmjs.org/@protobufjs/float/-/float-1.0.2.tgz",
      "integrity": "sha512-Ddb+kVXlXst9d+R9PfTIxh1EdNkgoRe5tOX6t01f1lYWOvJnSPDBlG241QLzcyPdoNTsblLUdujGSE4RzrTZGQ==",
      "optional": true
    },
    "node_modules/@protobufjs/path": {
      "version": "1.1.2",
      "resolved": "https://registry.npmjs.org/@protobufjs/path/-/path-1.1.2.tgz",
      "integrity": "sha512-6JOcJ5Tm08dOHAbdR3GrvP+yUUfkjG5ePsHYczMFLq3ZmMkAD98cDgcT2iA1lJ9NVwFd4tH/iSSoe44YWkltEA==",
      "optional": true
    },
    "node_modules/@protobufjs/pool": {
      "version": "1.1.0",
      "resolved": "https://registry.npmjs.org/@protobufjs/pool/-/pool-1.1.0.tgz",
      "integrity": "sha512-0kELaGSIDBKvcgS4zkjz1PeddatrjYcmMWOlAuAPwAeccUrPHdUqo/J6LiymHHEiJT5NrF1UVwxY14f+fy4WQw==",
      "optional": true
    },
    "node_modules/@protobufjs/utf8": {
      "version": "1.1.2",
      "resolved": "https://registry.npmjs.org/@protobufjs/utf8/-/utf8-1.1.2.tgz",
      "integrity": "sha512-b1UQwcEZ4yCnMCD8DAL1VlbvBJE9/IX4FTIp7BG1xYpf29SLazLSrqUkj4w7Y5y7cCVP6E5tcqqcI0xemPkHug==",
      "optional": true
    },
    "node_modules/@types/node": {
      "version": "26.1.1",
      "resolved": "https://registry.npmjs.org/@types/node/-/node-26.1.1.tgz",
      "integrity": "sha512-nxAkRSVkN1Y0JC1W8ky/fTfkGsMmcrRsbx+3XoZE+rMOX71kLYTV7fLXpqud1GpbpP5TuffXFqfX7fH2GgZREw==",
      "optional": true,
      "dependencies": {
        "undici-types": "~8.3.0"
      }
    },
    "node_modules/@valkey/valkey-glide": {
      "version": "1.3.0",
      "resolved": "https://registry.npmjs.org/@valkey/valkey-glide/-/valkey-glide-1.3.0.tgz",
      "integrity": "sha512-6TuHrOOXc7NaZYDh18wkrd++sCBqTIpeHKd0lCpQhd+vc3cjAIG1TymN4nS369y8DSPjG7k24VpjCHht1iItlg==",
      "dependencies": {
        "detect-libc": "^2.0.3"
      },
      "optionalDependencies": {
        "@valkey/valkey-glide-darwin-arm64": "1.3.0",
        "@valkey/valkey-glide-linux-arm64": "1.3.0",
        "@valkey/valkey-glide-linux-musl-arm64": "1.3.0",
        "@valkey/valkey-glide-linux-musl-x64": "1.3.0",
        "@valkey/valkey-glide-linux-x64": "1.3.0"
      }
    },
    "node_modules/@valkey/valkey-glide-darwin-arm64": {
      "version": "1.3.0",
      "resolved": "https://registry.npmjs.org/@valkey/valkey-glide-darwin-arm64/-/valkey-glide-darwin-arm64-1.3.0.tgz",
      "integrity": "sha512-z32mINcrwdyXEgIb3ekBu1/8DSdzDtjeP7/RuvTER/gIkt6Z6HtY/FFO519BylFapYLQapGtekSOK8mePPt3SA==",
      "bundleDependencies": [
        "glide-rs"
      ],
      "cpu": [
        "arm64"
      ],
      "optional": true,
      "os": [
        "darwin"
      ],
      "dependencies": {
        "glide-rs": "file:rust-client",
        "long": "^5.2.3",
        "npmignore": "^0.3.1",
        "protobufjs": "^7.4.0"
      },
      "engines": {
        "node": ">=16"
      }
    },
    "node_modules/@valkey/valkey-glide-darwin-arm64/node_modules/glide-rs": {
      "version": "0.1.0",
      "inBundle": true,
      "license": "Apache-2.0",
      "optional": true,
      "dependencies": {
        "save": "^2.9.0"
      },
      "engines": {
        "node": ">= 10"
      }
    },
    "node_modules/@valkey/valkey-glide-linux-arm64": {
      "version": "1.3.0",
      "resolved": "https://registry.npmjs.org/@valkey/valkey-glide-linux-arm64/-/valkey-glide-linux-arm64-1.3.0.tgz",
      "integrity": "sha512-impdqeujwjdf9xXtbaANmId3vEdd9ElmpHxqOtuaDgQ9wO0T+RWMBh3UxQS+KD1nGojtjiYaSvale+zPFRnlhg==",
      "bundleDependencies": [
        "glide-rs"
      ],
      "cpu": [
        "arm64"
      ],
      "deprecated": "This package will be replaced by @valkey/valkey-glide-linux-arm64-gnu in v2.0",
      "optional": true,
      "os": [
        "linux"
      ],
      "dependencies": {
        "glide-rs": "file:rust-client",
        "long": "^5.2.3",
        "npmignore": "^0.3.1",
        "protobufjs": "^7.4.0"
      },
      "engines": {
        "node": ">=16"
      }
    },
    "node_modules/@valkey/valkey-glide-linux-musl-arm64": {
      "version": "1.3.0",
      "resolved": "https://registry.npmjs.org/@valkey/valkey-glide-linux-musl-arm64/-/valkey-glide-linux-musl-arm64-1.3.0.tgz",
      "integrity": "sha512-ItuTeYdTXdYJVq3VO52JEQljCPEgY5wElC+ISSoNbPovBojRu4LMcqoPO9RlEwbz1Cm3CdZMmv/6aFh23ablEw==",
      "bundleDependencies": [
        "glide-rs"
      ],
      "cpu": [
        "arm64"
      ],
      "deprecated": "This package will be replaced by @valkey/valkey-glide-linux-arm64-musl in v2.0",
      "optional": true,
      "os": [
        "linux"
      ],
      "dependencies": {
        "glide-rs": "file:rust-client",
        "long": "^5.2.3",
        "npmignore": "^0.3.1",
        "protobufjs": "^7.4.0"
      },
      "engines": {
        "node": ">=16"
      }
    },
    "node_modules/@valkey/valkey-glide-linux-musl-x64": {
      "version": "1.3.0",
      "resolved": "https://registry.npmjs.org/@valkey/valkey-glide-linux-musl-x64/-/valkey-glide-linux-musl-x64-1.3.0.tgz",
      "integrity": "sha512-/CFxIP8flY7LzLwn8rXMORcDiyxAC1CbOCRzAMbCtBZ9Ps5nUSEfc7Y59SlPv7wL9PCtdoZblnDs1aXzWXsxaA==",
      "bundleDependencies": [
        "glide-rs"
      ],
      "cpu": [
        "x64"
      ],
      "deprecated": "This package will be replaced by @valkey/valkey-glide-linux-x64-musl in v2.0",
      "optional": true,
      "os": [
        "linux"
      ],
      "dependencies": {
        "glide-rs": "file:rust-client",
        "long": "^5.2.3",
        "npmignore": "^0.3.1",
        "protobufjs": "^7.4.0"
      },
      "engines": {
        "node": ">=16"
      }
    },
    "node_modules/@valkey/valkey-glide-linux-x64": {
      "version": "1.3.0",
      "resolved": "https://registry.npmjs.org/@valkey/valkey-glide-linux-x64/-/valkey-glide-linux-x64-1.3.0.tgz",
      "integrity": "sha512-3ruHJsgq1tuZGWYIj8MJepwXBbDgr+L4Mn0MPq1HL17UQYFsnA7MBkQgAa2UvrzgDLdgoeQKl0H7CORXvRt9pg==",
      "bundleDependencies": [
        "glide-rs"
      ],
      "cpu": [
        "x64"
      ],
      "deprecated": "This package will be replaced by @valkey/valkey-glide-linux-x64-gnu in v2.0",
      "optional": true,
      "os": [
        "linux"
      ],
      "dependencies": {
        "glide-rs": "file:rust-client",
        "long": "^5.2.3",
        "npmignore": "^0.3.1",
        "protobufjs": "^7.4.0"
      },
      "engines": {
        "node": ">=16"
      }
    },
    "node_modules/async": {
      "version": "3.2.6",
      "resolved": "https://registry.npmjs.org/async/-/async-3.2.6.tgz",
      "integrity": "sha512-htCUDlxyyCLMgaM3xXg0C0LW2xqfuQ6p05pCEIsXuyQ+a1koYKTuBMzRNwmybfLgvJDMd0r1LTn4+E0Ti6C2AA==",
      "optional": true
    },
    "node_modules/detect-libc": {
      "version": "2.1.2",
      "resolved": "https://registry.npmjs.org/detect-libc/-/detect-libc-2.1.2.tgz",
      "integrity": "sha512-Btj2BOOO83o3WyH59e8MgXsxEQVcarkUOpEYrubB0urwnN10yQ364rsiByU11nZlqWYZm05i/of7io4mzihBtQ==",
      "engines": {
        "node": ">=8"
      }
    },
    "node_modules/duplexer": {
      "version": "0.1.2",
      "resolved": "https://registry.npmjs.org/duplexer/-/duplexer-0.1.2.tgz",
      "integrity": "sha512-jtD6YG370ZCIi/9GTaJKQxWTZD045+4R4hTk/x1UyoqadyJ9x9CgSi1RlVDQF8U2sxLLSnFkCaMihqljHIWgMg==",
      "optional": true
    },
    "node_modules/event-stream": {
      "version": "4.0.1",
      "resolved": "https://registry.npmjs.org/event-stream/-/event-stream-4.0.1.tgz",
      "integrity": "sha512-qACXdu/9VHPBzcyhdOWR5/IahhGMf0roTeZJfzz077GwylcDd90yOHLouhmv7GJ5XzPi6ekaQWd8AvPP2nOvpA==",
      "optional": true,
      "dependencies": {
        "duplexer": "^0.1.1",
        "from": "^0.1.7",
        "map-stream": "0.0.7",
        "pause-stream": "^0.0.11",
        "split": "^1.0.1",
        "stream-combiner": "^0.2.2",
        "through": "^2.3.8"
      }
    },
    "node_modules/from": {
      "version": "0.1.7",
      "resolved": "https://registry.npmjs.org/from/-/from-0.1.7.tgz",
      "integrity": "sha512-twe20eF1OxVxp/ML/kq2p1uc6KvFK/+vs8WjEbeKmV2He22MKm7YF2ANIt+EOqhJ5L3K/SuuPhk0hWQDjOM23g==",
      "optional": true
    },
    "node_modules/function-bind": {
      "version": "1.1.2",
      "resolved": "https://registry.npmjs.org/function-bind/-/function-bind-1.1.2.tgz",
      "integrity": "sha512-7XHNxH7qX9xG5mIwxkhumTox/MIRNcOgDrxWsMt2pAr23WHp6MrRlN7FBSFpCpr+oVO0F744iUgR82nJMfG2SA==",
      "optional": true,
      "funding": {
        "url": "https://github.com/sponsors/ljharb"
      }
    },
    "node_modules/hasown": {
      "version": "2.0.4",
      "resolved": "https://registry.npmjs.org/hasown/-/hasown-2.0.4.tgz",
      "integrity": "sha512-T2UbfbBEF32wiepXIsMlTW9+dDYC6wMh/t/vYA4tuOMKqWz/n3vr1NFSxQiyP+zk2mXsoMA/i/7qV6LKut1t1A==",
      "optional": true,
      "dependencies": {
        "function-bind": "^1.1.2"
      },
      "engines": {
        "node": ">= 0.4"
      }
    },
    "node_modules/lodash.assign": {
      "version": "4.2.0",
      "resolved": "https://registry.npmjs.org/lodash.assign/-/lodash.assign-4.2.0.tgz",
      "integrity": "sha512-hFuH8TY+Yji7Eja3mGiuAxBqLagejScbG8GbG0j6o9vzn0YL14My+ktnqtZgFTosKymC9/44wP6s7xyuLfnClw==",
      "optional": true
    },
    "node_modules/long": {
      "version": "5.3.2",
      "resolved": "https://registry.npmjs.org/long/-/long-5.3.2.tgz",
      "integrity": "sha512-mNAgZ1GmyNhD7AuqnTG3/VQ26o760+ZYBPKjPvugO8+nLbYfX6TVpJPseBvopbdY+qpZ/lKUnmEc1LeZYS3QAA==",
      "optional": true
    },
    "node_modules/map-stream": {
      "version": "0.0.7",
      "resolved": "https://registry.npmjs.org/map-stream/-/map-stream-0.0.7.tgz",
      "integrity": "sha512-C0X0KQmGm3N2ftbTGBhSyuydQ+vV1LC3f3zPvT3RXHXNZrvfPZcoXp/N5DOa8vedX/rTMm2CjTtivFg2STJMRQ==",
      "optional": true
    },
    "node_modules/mingo": {
      "version": "6.7.2",
      "resolved": "https://registry.npmjs.org/mingo/-/mingo-6.7.2.tgz",
      "integrity": "sha512-5HKLu2GiNxw71EYZbWPh6dpcucHLlHqOXa0gbsYYtAjRpT/8EbDBJURLlUt3cNkISd9grOJ/AeYogyWj3QoxGA==",
      "optional": true
    },
    "node_modules/minimist": {
      "version": "1.2.8",
      "resolved": "https://registry.npmjs.org/minimist/-/minimist-1.2.8.tgz",
      "integrity": "sha512-2yyAR8qBkN3YuheJanUpWC5U3bb5osDywNB8RzDVlDwDHbocAJveqqj1u8+SVD7jkWT4yvsHCpWqqWqAxb0zCA==",
      "optional": true,
      "funding": {
        "url": "https://github.com/sponsors/ljharb"
      }
    },
    "node_modules/npmignore": {
      "version": "0.3.5",
      "resolved": "https://registry.npmjs.org/npmignore/-/npmignore-0.3.5.tgz",
      "integrity": "sha512-w09J4Xnr/ogTUvvfYne0Ro2WUC5mV5NeEpi15oXS5l5td/edPROKqpM83Nx6ixJGkTt65ONu80ofRTvRmB7vQw==",
      "optional": true,
      "dependencies": {
        "hasown": "^2.0.2",
        "minimist": "^1.2.8"
      },
      "bin": {
        "npmignore": "bin/npmignore"
      },
      "engines": {
        "node": ">=0.10.0"
      },
      "funding": {
        "url": "https://github.com/sponsors/ljharb"
      }
    },
    "node_modules/pause-stream": {
      "version": "0.0.11",
      "resolved": "https://registry.npmjs.org/pause-stream/-/pause-stream-0.0.11.tgz",
      "integrity": "sha512-e3FBlXLmN/D1S+zHzanP4E/4Z60oFAa3O051qt1pxa7DEJWKAyil6upYVXCWadEnuoqa4Pkc9oUx9zsxYeRv8A==",
      "optional": true,
      "dependencies": {
        "through": "~2.3"
      }
    },
    "node_modules/protobufjs": {
      "version": "7.6.5",
      "resolved": "https://registry.npmjs.org/protobufjs/-/protobufjs-7.6.5.tgz",
      "integrity": "sha512-/FPD0nUc9jH6rfFjji9IBqOz4pcSE3CsT1m7Ep6Mdb0LxSUMj8hgl6GomOvZzpNpAqqGaXA0P3VSrZLFzIhQrw==",
      "hasInstallScript": true,
      "optional": true,
      "dependencies": {
        "@protobufjs/aspromise": "^1.1.2",
        "@protobufjs/base64": "^1.1.2",
        "@protobufjs/codegen": "^2.0.5",
        "@protobufjs/eventemitter": "^1.1.1",
        "@protobufjs/fetch": "^1.1.1",
        "@protobufjs/float": "^1.0.2",
        "@protobufjs/path": "^1.1.2",
        "@protobufjs/pool": "^1.1.0",
        "@protobufjs/utf8": "^1.1.1",
        "@types/node": ">=13.7.0",
        "long": "^5.3.2"
      },
      "engines": {
        "node": ">=12.0.0"
      }
    },
    "node_modules/save": {
      "version": "2.9.0",
      "resolved": "https://registry.npmjs.org/save/-/save-2.9.0.tgz",
      "integrity": "sha512-eg8+g8CjvehE/2C6EbLdtK1pINVD27pcJLj4M9PjWWhoeha/y5bWf4dp/0RF+OzbKTcG1bae9qi3PAqiR8CJTg==",
      "optional": true,
      "dependencies": {
        "async": "^3.2.2",
        "event-stream": "^4.0.1",
        "lodash.assign": "^4.2.0",
        "mingo": "^6.1.0"
      }
    },
    "node_modules/split": {
      "version": "1.0.1",
      "resolved": "https://registry.npmjs.org/split/-/split-1.0.1.tgz",
      "integrity": "sha512-mTyOoPbrivtXnwnIxZRFYRrPNtEFKlpB2fvjSnCQUiAA6qAZzqwna5envK4uk6OIeP17CsdF3rSBGYVBsU0Tkg==",
      "optional": true,
      "dependencies": {
        "through": "2"
      },
      "engines": {
        "node": "*"
      }
    },
    "node_modules/stream-combiner": {
      "version": "0.2.2",
      "resolved": "https://registry.npmjs.org/stream-combiner/-/stream-combiner-0.2.2.tgz",
      "integrity": "sha512-6yHMqgLYDzQDcAkL+tjJDC5nSNuNIx0vZtRZeiPh7Saef7VHX9H5Ijn9l2VIol2zaNYlYEX6KyuT/237A58qEQ==",
      "optional": true,
      "dependencies": {
        "duplexer": "~0.1.1",
        "through": "~2.3.4"
      }
    },
    "node_modules/through": {
      "version": "2.3.8",
      "resolved": "https://registry.npmjs.org/through/-/through-2.3.8.tgz",
      "integrity": "sha512-w89qg7PI8wAdvX60bMDP+bFoD5Dvhm9oLheFp5O4a2QF0cSBGsBX4qZmadPMvVqlLJBBci+WqGGOAPvcDeNSVg==",
      "optional": true
    },
    "node_modules/undici-types": {
      "version": "8.3.0",
      "resolved": "https://registry.npmjs.org/undici-types/-/undici-types-8.3.0.tgz",
      "integrity": "sha512-j375ScV60dom+YkPFIfTLcOiPxkN/buHz5GobjLhixFuANaNs3C9l4GmrWqejgXWJ7BbJcFYpTEUkS1Ge8bpZQ==",
      "optional": true
    }
  }
}
